
Microsoft Visual Studio Solution File, Format Version 12.00
# Visual Studio Version 17
VisualStudioVersion = 17.5.33516.290
MinimumVisualStudioVersion = 10.0.40219.1
Project("{FAE04EC0-301F-11D3-BF4B-00C04F79EFBC}") = "Stopwatch", "Stopwatch.csproj", "{A7F5413A-D570-4340-9D00-49406F85295C}"
EndProject
Global
	GlobalSection(SolutionConfigurationPlatforms) = preSolution
		Debug|Any CPU = Debug|Any CPU
		Release|Any CPU = Release|Any CPU
	EndGlobalSection
	GlobalSection(ProjectConfigurationPlatforms) = postSolution
		{A7F5413A-D570-4340-9D00-49406F85295C}.Debug|Any CPU.ActiveCfg = Debug|Any CPU
		{A7F5413A-D570-4340-9D00-49406F85295C}.Debug|Any CPU.Build.0 = Debug|Any CPU
		{A7F5413A-D570-4340-9D00-49406F85295C}.Release|Any CPU.ActiveCfg = Release|Any CPU
		{A7F5413A-D570-4340-9D00-49406F85295C}.Release|Any CPU.Build.0 = Release|Any CPU
	EndGlobalSection
	GlobalSection(SolutionProperties) = preSolution
		HideSolutionNode = FALSE
	EndGlobalSection
	GlobalSection(ExtensibilityGlobals) = postSolution
		SolutionGuid = {A767C0B5-7027-4B0F-9A58-1711931DE9BA}
	EndGlobalSection
EndGlobal
